
Microsoft Visual Studio Solution File, Format Version 12.00
# Visual Studio 2012
Project("{8BC9CEB8-8B4A-11D0-8D11-00A0C91BC942}") = "horseraces", "horseraces\horseraces.vcxproj", "{C5C82311-DB13-448C-8A2F-3B43105BF20F}"
EndProject
Project("{8BC9CEB8-8B4A-11D0-8D11-00A0C91BC942}") = "horseraceserver", "horseraceserver\horseraceserver.vcxproj", "{0B3AC5D4-642C-4404-BD01-3013813851EA}"
EndProject
Project("{8BC9CEB8-8B4A-11D0-8D11-00A0C91BC942}") = "cpp-netlib", "cpp-netlib\cpp-netlib.vcxproj", "{AF0144F1-1E63-4FFE-BD6D-69AD93F79EE0}"
EndProject
Project("{8BC9CEB8-8B4A-11D0-8D11-00A0C91BC942}") = "clientlibrary", "clientlibrary\clientlibrary.vcxproj", "{F6185B10-E84A-4012-806A-34CA35C17552}"
EndProject
Project("{8BC9CEB8-8B4A-11D0-8D11-00A0C91BC942}") = "racedisplaytest", "..\..\..\qttest\racedisplaytest\racedisplaytest\racedisplaytest.vcxproj", "{AC6D657D-12FC-389E-95A1-C8C24A423097}"
EndProject
Project("{8BC9CEB8-8B4A-11D0-8D11-00A0C91BC942}") = "raceclientgui", "raceclientgui\raceclientgui.vcxproj", "{FB7527DF-66F6-4666-AA52-0E528F152676}"
	ProjectSection(ProjectDependencies) = postProject
		{F6185B10-E84A-4012-806A-34CA35C17552} = {F6185B10-E84A-4012-806A-34CA35C17552}
	EndProjectSection
EndProject
Project("{8BC9CEB8-8B4A-11D0-8D11-00A0C91BC942}") = "racedisplay", "racedisplay\racedisplay.vcxproj", "{B12702AD-ABFB-343A-A199-8E24837244A3}"
	ProjectSection(ProjectDependencies) = postProject
		{F6185B10-E84A-4012-806A-34CA35C17552} = {F6185B10-E84A-4012-806A-34CA35C17552}
	EndProjectSection
EndProject
Project("{8BC9CEB8-8B4A-11D0-8D11-00A0C91BC942}") = "raceservergui", "raceservergui\raceservergui.vcxproj", "{AE372A27-D298-449E-86E5-0DCF7CD6163B}"
EndProject
Global
	GlobalSection(SolutionConfigurationPlatforms) = preSolution
		Debug|Win32 = Debug|Win32
		Release|Win32 = Release|Win32
	EndGlobalSection
	GlobalSection(ProjectConfigurationPlatforms) = postSolution
		{C5C82311-DB13-448C-8A2F-3B43105BF20F}.Debug|Win32.ActiveCfg = Debug|Win32
		{C5C82311-DB13-448C-8A2F-3B43105BF20F}.Debug|Win32.Build.0 = Debug|Win32
		{C5C82311-DB13-448C-8A2F-3B43105BF20F}.Debug|Win32.Deploy.0 = Debug|Win32
		{C5C82311-DB13-448C-8A2F-3B43105BF20F}.Release|Win32.ActiveCfg = Release|Win32
		{C5C82311-DB13-448C-8A2F-3B43105BF20F}.Release|Win32.Build.0 = Release|Win32
		{C5C82311-DB13-448C-8A2F-3B43105BF20F}.Release|Win32.Deploy.0 = Release|Win32
		{0B3AC5D4-642C-4404-BD01-3013813851EA}.Debug|Win32.ActiveCfg = Debug|Win32
		{0B3AC5D4-642C-4404-BD01-3013813851EA}.Debug|Win32.Build.0 = Debug|Win32
		{0B3AC5D4-642C-4404-BD01-3013813851EA}.Debug|Win32.Deploy.0 = Debug|Win32
		{0B3AC5D4-642C-4404-BD01-3013813851EA}.Release|Win32.ActiveCfg = Release|Win32
		{0B3AC5D4-642C-4404-BD01-3013813851EA}.Release|Win32.Build.0 = Release|Win32
		{0B3AC5D4-642C-4404-BD01-3013813851EA}.Release|Win32.Deploy.0 = Release|Win32
		{AF0144F1-1E63-4FFE-BD6D-69AD93F79EE0}.Debug|Win32.ActiveCfg = Debug|Win32
		{AF0144F1-1E63-4FFE-BD6D-69AD93F79EE0}.Debug|Win32.Build.0 = Debug|Win32
		{AF0144F1-1E63-4FFE-BD6D-69AD93F79EE0}.Debug|Win32.Deploy.0 = Debug|Win32
		{AF0144F1-1E63-4FFE-BD6D-69AD93F79EE0}.Release|Win32.ActiveCfg = Release|Win32
		{AF0144F1-1E63-4FFE-BD6D-69AD93F79EE0}.Release|Win32.Build.0 = Release|Win32
		{AF0144F1-1E63-4FFE-BD6D-69AD93F79EE0}.Release|Win32.Deploy.0 = Release|Win32
		{F6185B10-E84A-4012-806A-34CA35C17552}.Debug|Win32.ActiveCfg = Debug|Win32
		{F6185B10-E84A-4012-806A-34CA35C17552}.Debug|Win32.Build.0 = Debug|Win32
		{F6185B10-E84A-4012-806A-34CA35C17552}.Debug|Win32.Deploy.0 = Debug|Win32
		{F6185B10-E84A-4012-806A-34CA35C17552}.Release|Win32.ActiveCfg = Release|Win32
		{F6185B10-E84A-4012-806A-34CA35C17552}.Release|Win32.Build.0 = Release|Win32
		{F6185B10-E84A-4012-806A-34CA35C17552}.Release|Win32.Deploy.0 = Release|Win32
		{AC6D657D-12FC-389E-95A1-C8C24A423097}.Debug|Win32.ActiveCfg = Debug|Win32
		{AC6D657D-12FC-389E-95A1-C8C24A423097}.Debug|Win32.Build.0 = Debug|Win32
		{AC6D657D-12FC-389E-95A1-C8C24A423097}.Debug|Win32.Deploy.0 = Debug|Win32
		{AC6D657D-12FC-389E-95A1-C8C24A423097}.Release|Win32.ActiveCfg = Release|Win32
		{AC6D657D-12FC-389E-95A1-C8C24A423097}.Release|Win32.Build.0 = Release|Win32
		{AC6D657D-12FC-389E-95A1-C8C24A423097}.Release|Win32.Deploy.0 = Release|Win32
		{FB7527DF-66F6-4666-AA52-0E528F152676}.Debug|Win32.ActiveCfg = Debug|Win32
		{FB7527DF-66F6-4666-AA52-0E528F152676}.Debug|Win32.Build.0 = Debug|Win32
		{FB7527DF-66F6-4666-AA52-0E528F152676}.Debug|Win32.Deploy.0 = Debug|Win32
		{FB7527DF-66F6-4666-AA52-0E528F152676}.Release|Win32.ActiveCfg = Release|Win32
		{FB7527DF-66F6-4666-AA52-0E528F152676}.Release|Win32.Build.0 = Release|Win32
		{FB7527DF-66F6-4666-AA52-0E528F152676}.Release|Win32.Deploy.0 = Release|Win32
		{B12702AD-ABFB-343A-A199-8E24837244A3}.Debug|Win32.ActiveCfg = Debug|Win32
		{B12702AD-ABFB-343A-A199-8E24837244A3}.Debug|Win32.Build.0 = Debug|Win32
		{B12702AD-ABFB-343A-A199-8E24837244A3}.Debug|Win32.Deploy.0 = Debug|Win32
		{B12702AD-ABFB-343A-A199-8E24837244A3}.Release|Win32.ActiveCfg = Release|Win32
		{B12702AD-ABFB-343A-A199-8E24837244A3}.Release|Win32.Build.0 = Release|Win32
		{B12702AD-ABFB-343A-A199-8E24837244A3}.Release|Win32.Deploy.0 = Release|Win32
		{AE372A27-D298-449E-86E5-0DCF7CD6163B}.Debug|Win32.ActiveCfg = Debug|Win32
		{AE372A27-D298-449E-86E5-0DCF7CD6163B}.Debug|Win32.Build.0 = Debug|Win32
		{AE372A27-D298-449E-86E5-0DCF7CD6163B}.Debug|Win32.Deploy.0 = Debug|Win32
		{AE372A27-D298-449E-86E5-0DCF7CD6163B}.Release|Win32.ActiveCfg = Release|Win32
		{AE372A27-D298-449E-86E5-0DCF7CD6163B}.Release|Win32.Build.0 = Release|Win32
		{AE372A27-D298-449E-86E5-0DCF7CD6163B}.Release|Win32.Deploy.0 = Release|Win32
	EndGlobalSection
	GlobalSection(SolutionProperties) = preSolution
		HideSolutionNode = FALSE
	EndGlobalSection
EndGlobal
