
Microsoft Visual Studio Solution File, Format Version 12.00
# Visual Studio 2012
Project("{8BC9CEB8-8B4A-11D0-8D11-00A0C91BC942}") = "horseraces", "horseraces\horseraces.vcxproj", "{C5C82311-DB13-448C-8A2F-3B43105BF20F}"
EndProject
Project("{8BC9CEB8-8B4A-11D0-8D11-00A0C91BC942}") = "horseraceserver", "horseraceserver\horseraceserver.vcxproj", "{0B3AC5D4-642C-4404-BD01-3013813851EA}"
EndProject
Global
	GlobalSection(SolutionConfigurationPlatforms) = preSolution
		Debug|Win32 = Debug|Win32
		Release|Win32 = Release|Win32
	EndGlobalSection
	GlobalSection(ProjectConfigurationPlatforms) = postSolution
		{C5C82311-DB13-448C-8A2F-3B43105BF20F}.Debug|Win32.ActiveCfg = Debug|Win32
		{C5C82311-DB13-448C-8A2F-3B43105BF20F}.Debug|Win32.Build.0 = Debug|Win32
		{C5C82311-DB13-448C-8A2F-3B43105BF20F}.Debug|Win32.Deploy.0 = Debug|Win32
		{C5C82311-DB13-448C-8A2F-3B43105BF20F}.Release|Win32.ActiveCfg = Release|Win32
		{C5C82311-DB13-448C-8A2F-3B43105BF20F}.Release|Win32.Build.0 = Release|Win32
		{C5C82311-DB13-448C-8A2F-3B43105BF20F}.Release|Win32.Deploy.0 = Release|Win32
		{0B3AC5D4-642C-4404-BD01-3013813851EA}.Debug|Win32.ActiveCfg = Debug|Win32
		{0B3AC5D4-642C-4404-BD01-3013813851EA}.Debug|Win32.Build.0 = Debug|Win32
		{0B3AC5D4-642C-4404-BD01-3013813851EA}.Debug|Win32.Deploy.0 = Debug|Win32
		{0B3AC5D4-642C-4404-BD01-3013813851EA}.Release|Win32.ActiveCfg = Release|Win32
		{0B3AC5D4-642C-4404-BD01-3013813851EA}.Release|Win32.Build.0 = Release|Win32
		{0B3AC5D4-642C-4404-BD01-3013813851EA}.Release|Win32.Deploy.0 = Release|Win32
	EndGlobalSection
	GlobalSection(SolutionProperties) = preSolution
		HideSolutionNode = FALSE
	EndGlobalSection
EndGlobal
